{
  "name": "checkVersion",
  "lockfileVersion": 2,
  "requires": true,
  "packages": {
    "": {
      "name": "checkVersion",
      "dependencies": {
        "checkVersion": "file:"
      }
    },
    "node_modules/checkVersion": {
      "resolved": "",
      "link": true
    }
  },
  "dependencies": {
    "checkVersion": {
      "version": "file:",
      "requires": {
        "checkVersion": "file:"
      }
    }
  }
}
