{
  "name": "uni-id",
  "version": "3.3.29",
  "lockfileVersion": 2,
  "requires": true,
  "packages": {
    "": {
      "name": "uni-id",
      "version": "3.3.29",
      "license": "Apache-2.0",
      "dependencies": {
        "uni-config-center": "file:../../../../../uni-config-center/uniCloud/cloudfunctions/common/uni-config-center",
        "uni-id": "file:",
        "uni-open-bridge-common": "file:../../../../../uni-open-bridge-common/uniCloud/cloudfunctions/common/uni-open-bridge-common"
      }
    },
    "../../../../../uni-config-center/uniCloud/cloudfunctions/common/uni-config-center": {
      "version": "0.0.2",
      "license": "Apache-2.0",
      "dependencies": {
        "uni-config-center": "file:"
      }
    },
    "../../../../../uni-open-bridge-common/uniCloud/cloudfunctions/common/uni-open-bridge-common": {},
    "node_modules/uni-config-center": {
      "resolved": "../../../../../uni-config-center/uniCloud/cloudfunctions/common/uni-config-center",
      "link": true
    },
    "node_modules/uni-id": {
      "resolved": "",
      "link": true
    },
    "node_modules/uni-open-bridge-common": {
      "resolved": "../../../../../uni-open-bridge-common/uniCloud/cloudfunctions/common/uni-open-bridge-common",
      "link": true
    }
  },
  "dependencies": {
    "uni-config-center": {
      "version": "file:../../../../../uni-config-center/uniCloud/cloudfunctions/common/uni-config-center",
      "requires": {
        "uni-config-center": "file:"
      }
    },
    "uni-id": {
      "version": "file:",
      "requires": {
        "uni-config-center": "file:../../../../../uni-config-center/uniCloud/cloudfunctions/common/uni-config-center",
        "uni-id": "file:",
        "uni-open-bridge-common": "file:../../../../../uni-open-bridge-common/uniCloud/cloudfunctions/common/uni-open-bridge-common"
      },
      "dependencies": {
        "uni-config-center": {
          "version": "file:../../../../../uni-config-center/uniCloud/cloudfunctions/common/uni-config-center",
          "requires": {
            "uni-config-center": "file:"
          }
        },
        "uni-open-bridge-common": {
          "version": "file:../../../../../uni-open-bridge-common/uniCloud/cloudfunctions/common/uni-open-bridge-common"
        }
      }
    },
    "uni-open-bridge-common": {
      "version": "file:../../../../../uni-open-bridge-common/uniCloud/cloudfunctions/common/uni-open-bridge-common"
    }
  }
}
