{
  "name": "uni-config-center",
  "version": "0.0.2",
  "lockfileVersion": 2,
  "requires": true,
  "packages": {
    "": {
      "name": "uni-config-center",
      "version": "0.0.2",
      "license": "Apache-2.0",
      "dependencies": {
        "uni-config-center": "file:"
      }
    },
    "node_modules/uni-config-center": {
      "resolved": "",
      "link": true
    }
  },
  "dependencies": {
    "uni-config-center": {
      "version": "file:",
      "requires": {
        "uni-config-center": "file:"
      }
    }
  }
}
