{
  "name": "z-paging",
  "version": "2.4.2",
  "lockfileVersion": 2,
  "requires": true,
  "packages": {
    "": {
      "name": "z-paging",
      "version": "2.4.2",
      "dependencies": {
        "z-paging": "file:"
      },
      "engines": {
        "HBuilderX": "^3.0.7"
      }
    },
    "node_modules/z-paging": {
      "resolved": "",
      "link": true
    }
  },
  "dependencies": {
    "z-paging": {
      "version": "file:",
      "requires": {
        "z-paging": "file:"
      }
    }
  }
}
